
Microsoft Visual Studio Solution File, Format Version 12.00
# Visual Studio Version 17
VisualStudioVersion = 17.9.34616.47
MinimumVisualStudioVersion = 10.0.40219.1
Project("{FAE04EC0-301F-11D3-BF4B-00C04F79EFBC}") = "Randy_Fanbian_P2_Ap1", "Randy_Fanbian_P2_Ap1\Randy_Fanbian_P2_Ap1.csproj", "{71AB5A7E-3027-45EE-B83C-0A39443E6831}"
EndProject
Project("{FAE04EC0-301F-11D3-BF4B-00C04F79EFBC}") = "Randy_Fanbian_P2_Ap1.Api", "Randy_Fanbian_P2_Ap1.Api\Randy_Fanbian_P2_Ap1.Api.csproj", "{2E4E5A53-A8CE-4351-8728-E74EFB9AF9D0}"
EndProject
Global
	GlobalSection(SolutionConfigurationPlatforms) = preSolution
		Debug|Any CPU = Debug|Any CPU
		Release|Any CPU = Release|Any CPU
	EndGlobalSection
	GlobalSection(ProjectConfigurationPlatforms) = postSolution
		{71AB5A7E-3027-45EE-B83C-0A39443E6831}.Debug|Any CPU.ActiveCfg = Debug|Any CPU
		{71AB5A7E-3027-45EE-B83C-0A39443E6831}.Debug|Any CPU.Build.0 = Debug|Any CPU
		{71AB5A7E-3027-45EE-B83C-0A39443E6831}.Release|Any CPU.ActiveCfg = Release|Any CPU
		{71AB5A7E-3027-45EE-B83C-0A39443E6831}.Release|Any CPU.Build.0 = Release|Any CPU
		{2E4E5A53-A8CE-4351-8728-E74EFB9AF9D0}.Debug|Any CPU.ActiveCfg = Debug|Any CPU
		{2E4E5A53-A8CE-4351-8728-E74EFB9AF9D0}.Debug|Any CPU.Build.0 = Debug|Any CPU
		{2E4E5A53-A8CE-4351-8728-E74EFB9AF9D0}.Release|Any CPU.ActiveCfg = Release|Any CPU
		{2E4E5A53-A8CE-4351-8728-E74EFB9AF9D0}.Release|Any CPU.Build.0 = Release|Any CPU
	EndGlobalSection
	GlobalSection(SolutionProperties) = preSolution
		HideSolutionNode = FALSE
	EndGlobalSection
	GlobalSection(ExtensibilityGlobals) = postSolution
		SolutionGuid = {C37CFF87-E5E2-4521-A2DB-9C28B3165714}
	EndGlobalSection
EndGlobal
